
Microsoft Visual Studio Solution File, Format Version 12.00
# Visual Studio Version 17
VisualStudioVersion = 17.7.34024.191
MinimumVisualStudioVersion = 10.0.40219.1
Project("{FAE04EC0-301F-11D3-BF4B-00C04F79EFBC}") = "NestedLoops", "NestedLoops\NestedLoops.csproj", "{55CAE931-462D-493E-8979-924405432224}"
EndProject
Project("{FAE04EC0-301F-11D3-BF4B-00C04F79EFBC}") = "EvenPowersof2", "EvenPowersof2\EvenPowersof2.csproj", "{F6BE8BC6-1194-430D-90DE-C66656FCC105}"
EndProject
Project("{FAE04EC0-301F-11D3-BF4B-00C04F79EFBC}") = "TriangleofStars", "TriangleofStars\TriangleofStars.csproj", "{90FE1E4E-5024-48D1-A410-C99B73D88021}"
EndProject
Project("{FAE04EC0-301F-11D3-BF4B-00C04F79EFBC}") = "Building", "Building\Building.csproj", "{DC65391B-7967-45EA-9705-E24DB56C1AB0}"
EndProject
Project("{FAE04EC0-301F-11D3-BF4B-00C04F79EFBC}") = "NumberPyramid", "NumberPyramid\NumberPyramid.csproj", "{68562CC0-3888-47F6-B61B-EC9EC065A7CC}"
EndProject
Project("{FAE04EC0-301F-11D3-BF4B-00C04F79EFBC}") = "TravelSaving", "TravelSaving\TravelSaving.csproj", "{A0234A8A-3B9D-4154-94A1-AED6C0AF9CA2}"
EndProject
Project("{FAE04EC0-301F-11D3-BF4B-00C04F79EFBC}") = "SumofDigitsCalculator", "SumofDigitsCalculator\SumofDigitsCalculator.csproj", "{C8E9EC90-E0BE-4098-945B-1C3143A528E3}"
EndProject
Project("{FAE04EC0-301F-11D3-BF4B-00C04F79EFBC}") = "PrimeNumbers", "PrimeNumbers\PrimeNumbers.csproj", "{F21D16EB-2139-4DA3-AA1C-250B802BF249}"
EndProject
Global
	GlobalSection(SolutionConfigurationPlatforms) = preSolution
		Debug|Any CPU = Debug|Any CPU
		Release|Any CPU = Release|Any CPU
	EndGlobalSection
	GlobalSection(ProjectConfigurationPlatforms) = postSolution
		{55CAE931-462D-493E-8979-924405432224}.Debug|Any CPU.ActiveCfg = Debug|Any CPU
		{55CAE931-462D-493E-8979-924405432224}.Debug|Any CPU.Build.0 = Debug|Any CPU
		{55CAE931-462D-493E-8979-924405432224}.Release|Any CPU.ActiveCfg = Release|Any CPU
		{55CAE931-462D-493E-8979-924405432224}.Release|Any CPU.Build.0 = Release|Any CPU
		{F6BE8BC6-1194-430D-90DE-C66656FCC105}.Debug|Any CPU.ActiveCfg = Debug|Any CPU
		{F6BE8BC6-1194-430D-90DE-C66656FCC105}.Debug|Any CPU.Build.0 = Debug|Any CPU
		{F6BE8BC6-1194-430D-90DE-C66656FCC105}.Release|Any CPU.ActiveCfg = Release|Any CPU
		{F6BE8BC6-1194-430D-90DE-C66656FCC105}.Release|Any CPU.Build.0 = Release|Any CPU
		{90FE1E4E-5024-48D1-A410-C99B73D88021}.Debug|Any CPU.ActiveCfg = Debug|Any CPU
		{90FE1E4E-5024-48D1-A410-C99B73D88021}.Debug|Any CPU.Build.0 = Debug|Any CPU
		{90FE1E4E-5024-48D1-A410-C99B73D88021}.Release|Any CPU.ActiveCfg = Release|Any CPU
		{90FE1E4E-5024-48D1-A410-C99B73D88021}.Release|Any CPU.Build.0 = Release|Any CPU
		{DC65391B-7967-45EA-9705-E24DB56C1AB0}.Debug|Any CPU.ActiveCfg = Debug|Any CPU
		{DC65391B-7967-45EA-9705-E24DB56C1AB0}.Debug|Any CPU.Build.0 = Debug|Any CPU
		{DC65391B-7967-45EA-9705-E24DB56C1AB0}.Release|Any CPU.ActiveCfg = Release|Any CPU
		{DC65391B-7967-45EA-9705-E24DB56C1AB0}.Release|Any CPU.Build.0 = Release|Any CPU
		{68562CC0-3888-47F6-B61B-EC9EC065A7CC}.Debug|Any CPU.ActiveCfg = Debug|Any CPU
		{68562CC0-3888-47F6-B61B-EC9EC065A7CC}.Debug|Any CPU.Build.0 = Debug|Any CPU
		{68562CC0-3888-47F6-B61B-EC9EC065A7CC}.Release|Any CPU.ActiveCfg = Release|Any CPU
		{68562CC0-3888-47F6-B61B-EC9EC065A7CC}.Release|Any CPU.Build.0 = Release|Any CPU
		{A0234A8A-3B9D-4154-94A1-AED6C0AF9CA2}.Debug|Any CPU.ActiveCfg = Debug|Any CPU
		{A0234A8A-3B9D-4154-94A1-AED6C0AF9CA2}.Debug|Any CPU.Build.0 = Debug|Any CPU
		{A0234A8A-3B9D-4154-94A1-AED6C0AF9CA2}.Release|Any CPU.ActiveCfg = Release|Any CPU
		{A0234A8A-3B9D-4154-94A1-AED6C0AF9CA2}.Release|Any CPU.Build.0 = Release|Any CPU
		{C8E9EC90-E0BE-4098-945B-1C3143A528E3}.Debug|Any CPU.ActiveCfg = Debug|Any CPU
		{C8E9EC90-E0BE-4098-945B-1C3143A528E3}.Debug|Any CPU.Build.0 = Debug|Any CPU
		{C8E9EC90-E0BE-4098-945B-1C3143A528E3}.Release|Any CPU.ActiveCfg = Release|Any CPU
		{C8E9EC90-E0BE-4098-945B-1C3143A528E3}.Release|Any CPU.Build.0 = Release|Any CPU
		{F21D16EB-2139-4DA3-AA1C-250B802BF249}.Debug|Any CPU.ActiveCfg = Debug|Any CPU
		{F21D16EB-2139-4DA3-AA1C-250B802BF249}.Debug|Any CPU.Build.0 = Debug|Any CPU
		{F21D16EB-2139-4DA3-AA1C-250B802BF249}.Release|Any CPU.ActiveCfg = Release|Any CPU
		{F21D16EB-2139-4DA3-AA1C-250B802BF249}.Release|Any CPU.Build.0 = Release|Any CPU
	EndGlobalSection
	GlobalSection(SolutionProperties) = preSolution
		HideSolutionNode = FALSE
	EndGlobalSection
	GlobalSection(ExtensibilityGlobals) = postSolution
		SolutionGuid = {E39B538C-55E2-4903-93EE-2FF314227AF0}
	EndGlobalSection
EndGlobal
